
Microsoft Visual Studio Solution File, Format Version 12.00
# Visual Studio Version 16
VisualStudioVersion = 16.0.30523.141
MinimumVisualStudioVersion = 10.0.40219.1
Project("{FAE04EC0-301F-11D3-BF4B-00C04F79EFBC}") = "JobsityStocksChat.WebAPI", "JobsityStocksChat.WebAPI\JobsityStocksChat.WebAPI.csproj", "{A52927E6-1B43-4B30-AD5D-AA0BC01BFD33}"
EndProject
Project("{FAE04EC0-301F-11D3-BF4B-00C04F79EFBC}") = "JobsityStocksChat.Core", "JobsityStocksChat.Core\JobsityStocksChat.Core.csproj", "{F23C0F17-3F6E-4826-8108-9550192EC463}"
EndProject
Project("{FAE04EC0-301F-11D3-BF4B-00C04F79EFBC}") = "JobsityStocksChat.Infrastructure", "JobsityStocksChat.Infrastructure\JobsityStocksChat.Infrastructure.csproj", "{FD513B9C-1269-47A4-8AAA-66BD08454614}"
EndProject
Global
	GlobalSection(SolutionConfigurationPlatforms) = preSolution
		Debug|Any CPU = Debug|Any CPU
		Release|Any CPU = Release|Any CPU
	EndGlobalSection
	GlobalSection(ProjectConfigurationPlatforms) = postSolution
		{A52927E6-1B43-4B30-AD5D-AA0BC01BFD33}.Debug|Any CPU.ActiveCfg = Debug|Any CPU
		{A52927E6-1B43-4B30-AD5D-AA0BC01BFD33}.Debug|Any CPU.Build.0 = Debug|Any CPU
		{A52927E6-1B43-4B30-AD5D-AA0BC01BFD33}.Release|Any CPU.ActiveCfg = Release|Any CPU
		{A52927E6-1B43-4B30-AD5D-AA0BC01BFD33}.Release|Any CPU.Build.0 = Release|Any CPU
		{F23C0F17-3F6E-4826-8108-9550192EC463}.Debug|Any CPU.ActiveCfg = Debug|Any CPU
		{F23C0F17-3F6E-4826-8108-9550192EC463}.Debug|Any CPU.Build.0 = Debug|Any CPU
		{F23C0F17-3F6E-4826-8108-9550192EC463}.Release|Any CPU.ActiveCfg = Release|Any CPU
		{F23C0F17-3F6E-4826-8108-9550192EC463}.Release|Any CPU.Build.0 = Release|Any CPU
		{FD513B9C-1269-47A4-8AAA-66BD08454614}.Debug|Any CPU.ActiveCfg = Debug|Any CPU
		{FD513B9C-1269-47A4-8AAA-66BD08454614}.Debug|Any CPU.Build.0 = Debug|Any CPU
		{FD513B9C-1269-47A4-8AAA-66BD08454614}.Release|Any CPU.ActiveCfg = Release|Any CPU
		{FD513B9C-1269-47A4-8AAA-66BD08454614}.Release|Any CPU.Build.0 = Release|Any CPU
	EndGlobalSection
	GlobalSection(SolutionProperties) = preSolution
		HideSolutionNode = FALSE
	EndGlobalSection
	GlobalSection(ExtensibilityGlobals) = postSolution
		SolutionGuid = {97D29BD8-5DF8-47E4-9BE5-02FA70FEA7B6}
	EndGlobalSection
EndGlobal
